
Microsoft Visual Studio Solution File, Format Version 12.00
# Visual Studio Version 17
VisualStudioVersion = 17.4.33213.308
MinimumVisualStudioVersion = 10.0.40219.1
Project("{FAE04EC0-301F-11D3-BF4B-00C04F79EFBC}") = "DocumentAttr", "DocumentAttr\DocumentAttr.csproj", "{6DB681A2-3BD0-4D05-BB37-00F72E1A7EBB}"
EndProject
Project("{FAE04EC0-301F-11D3-BF4B-00C04F79EFBC}") = "Document", "Document\Document.csproj", "{73C94D79-D0F3-414D-8B98-72A173242A42}"
EndProject
Global
	GlobalSection(SolutionConfigurationPlatforms) = preSolution
		Debug|Any CPU = Debug|Any CPU
		Release|Any CPU = Release|Any CPU
	EndGlobalSection
	GlobalSection(ProjectConfigurationPlatforms) = postSolution
		{6DB681A2-3BD0-4D05-BB37-00F72E1A7EBB}.Debug|Any CPU.ActiveCfg = Debug|Any CPU
		{6DB681A2-3BD0-4D05-BB37-00F72E1A7EBB}.Debug|Any CPU.Build.0 = Debug|Any CPU
		{6DB681A2-3BD0-4D05-BB37-00F72E1A7EBB}.Release|Any CPU.ActiveCfg = Release|Any CPU
		{6DB681A2-3BD0-4D05-BB37-00F72E1A7EBB}.Release|Any CPU.Build.0 = Release|Any CPU
		{73C94D79-D0F3-414D-8B98-72A173242A42}.Debug|Any CPU.ActiveCfg = Debug|Any CPU
		{73C94D79-D0F3-414D-8B98-72A173242A42}.Debug|Any CPU.Build.0 = Debug|Any CPU
		{73C94D79-D0F3-414D-8B98-72A173242A42}.Release|Any CPU.ActiveCfg = Release|Any CPU
		{73C94D79-D0F3-414D-8B98-72A173242A42}.Release|Any CPU.Build.0 = Release|Any CPU
	EndGlobalSection
	GlobalSection(SolutionProperties) = preSolution
		HideSolutionNode = FALSE
	EndGlobalSection
	GlobalSection(ExtensibilityGlobals) = postSolution
		SolutionGuid = {0FD8B12D-CB75-47AC-8F49-71142BE2B595}
	EndGlobalSection
EndGlobal
